
Microsoft Visual Studio Solution File, Format Version 12.00
# Visual Studio 14
VisualStudioVersion = 14.0.25420.1
MinimumVisualStudioVersion = 10.0.40219.1
Project("{FAE04EC0-301F-11D3-BF4B-00C04F79EFBC}") = "xBountyHunter", "xBountyHunter\xBountyHunter.csproj", "{67F9D3A8-F71E-4428-913F-C37AE82CDB24}"
EndProject
Project("{FAE04EC0-301F-11D3-BF4B-00C04F79EFBC}") = "xBountyHunter.Droid", "xBountyHunter.Droid\xBountyHunter.Droid.csproj", "{41F1A1C2-5DD5-43B5-97EB-12DD66F02E4A}"
EndProject
Project("{FAE04EC0-301F-11D3-BF4B-00C04F79EFBC}") = "xBountyHunter.iOS", "xBountyHunter.iOS\xBountyHunter.iOS.csproj", "{BAEBD9BD-8755-46C4-83A8-A33E2F0B8872}"
EndProject
Global
	GlobalSection(SolutionConfigurationPlatforms) = preSolution
		Ad-Hoc|Any CPU = Ad-Hoc|Any CPU
		Ad-Hoc|iPhone = Ad-Hoc|iPhone
		Ad-Hoc|iPhoneSimulator = Ad-Hoc|iPhoneSimulator
		AppStore|Any CPU = AppStore|Any CPU
		AppStore|iPhone = AppStore|iPhone
		AppStore|iPhoneSimulator = AppStore|iPhoneSimulator
		Debug|Any CPU = Debug|Any CPU
		Debug|iPhone = Debug|iPhone
		Debug|iPhoneSimulator = Debug|iPhoneSimulator
		Release|Any CPU = Release|Any CPU
		Release|iPhone = Release|iPhone
		Release|iPhoneSimulator = Release|iPhoneSimulator
	EndGlobalSection
	GlobalSection(ProjectConfigurationPlatforms) = postSolution
		{67F9D3A8-F71E-4428-913F-C37AE82CDB24}.Ad-Hoc|Any CPU.ActiveCfg = Release|Any CPU
		{67F9D3A8-F71E-4428-913F-C37AE82CDB24}.Ad-Hoc|Any CPU.Build.0 = Release|Any CPU
		{67F9D3A8-F71E-4428-913F-C37AE82CDB24}.Ad-Hoc|iPhone.ActiveCfg = Release|Any CPU
		{67F9D3A8-F71E-4428-913F-C37AE82CDB24}.Ad-Hoc|iPhone.Build.0 = Release|Any CPU
		{67F9D3A8-F71E-4428-913F-C37AE82CDB24}.Ad-Hoc|iPhoneSimulator.ActiveCfg = Release|Any CPU
		{67F9D3A8-F71E-4428-913F-C37AE82CDB24}.Ad-Hoc|iPhoneSimulator.Build.0 = Release|Any CPU
		{67F9D3A8-F71E-4428-913F-C37AE82CDB24}.AppStore|Any CPU.ActiveCfg = Release|Any CPU
		{67F9D3A8-F71E-4428-913F-C37AE82CDB24}.AppStore|Any CPU.Build.0 = Release|Any CPU
		{67F9D3A8-F71E-4428-913F-C37AE82CDB24}.AppStore|iPhone.ActiveCfg = Release|Any CPU
		{67F9D3A8-F71E-4428-913F-C37AE82CDB24}.AppStore|iPhone.Build.0 = Release|Any CPU
		{67F9D3A8-F71E-4428-913F-C37AE82CDB24}.AppStore|iPhoneSimulator.ActiveCfg = Release|Any CPU
		{67F9D3A8-F71E-4428-913F-C37AE82CDB24}.AppStore|iPhoneSimulator.Build.0 = Release|Any CPU
		{67F9D3A8-F71E-4428-913F-C37AE82CDB24}.Debug|Any CPU.ActiveCfg = Debug|Any CPU
		{67F9D3A8-F71E-4428-913F-C37AE82CDB24}.Debug|Any CPU.Build.0 = Debug|Any CPU
		{67F9D3A8-F71E-4428-913F-C37AE82CDB24}.Debug|iPhone.ActiveCfg = Debug|Any CPU
		{67F9D3A8-F71E-4428-913F-C37AE82CDB24}.Debug|iPhone.Build.0 = Debug|Any CPU
		{67F9D3A8-F71E-4428-913F-C37AE82CDB24}.Debug|iPhoneSimulator.ActiveCfg = Debug|Any CPU
		{67F9D3A8-F71E-4428-913F-C37AE82CDB24}.Debug|iPhoneSimulator.Build.0 = Debug|Any CPU
		{67F9D3A8-F71E-4428-913F-C37AE82CDB24}.Release|Any CPU.ActiveCfg = Release|Any CPU
		{67F9D3A8-F71E-4428-913F-C37AE82CDB24}.Release|Any CPU.Build.0 = Release|Any CPU
		{67F9D3A8-F71E-4428-913F-C37AE82CDB24}.Release|iPhone.ActiveCfg = Release|Any CPU
		{67F9D3A8-F71E-4428-913F-C37AE82CDB24}.Release|iPhone.Build.0 = Release|Any CPU
		{67F9D3A8-F71E-4428-913F-C37AE82CDB24}.Release|iPhoneSimulator.ActiveCfg = Release|Any CPU
		{67F9D3A8-F71E-4428-913F-C37AE82CDB24}.Release|iPhoneSimulator.Build.0 = Release|Any CPU
		{41F1A1C2-5DD5-43B5-97EB-12DD66F02E4A}.Ad-Hoc|Any CPU.ActiveCfg = Release|Any CPU
		{41F1A1C2-5DD5-43B5-97EB-12DD66F02E4A}.Ad-Hoc|Any CPU.Build.0 = Release|Any CPU
		{41F1A1C2-5DD5-43B5-97EB-12DD66F02E4A}.Ad-Hoc|Any CPU.Deploy.0 = Release|Any CPU
		{41F1A1C2-5DD5-43B5-97EB-12DD66F02E4A}.Ad-Hoc|iPhone.ActiveCfg = Release|Any CPU
		{41F1A1C2-5DD5-43B5-97EB-12DD66F02E4A}.Ad-Hoc|iPhone.Build.0 = Release|Any CPU
		{41F1A1C2-5DD5-43B5-97EB-12DD66F02E4A}.Ad-Hoc|iPhone.Deploy.0 = Release|Any CPU
		{41F1A1C2-5DD5-43B5-97EB-12DD66F02E4A}.Ad-Hoc|iPhoneSimulator.ActiveCfg = Release|Any CPU
		{41F1A1C2-5DD5-43B5-97EB-12DD66F02E4A}.Ad-Hoc|iPhoneSimulator.Build.0 = Release|Any CPU
		{41F1A1C2-5DD5-43B5-97EB-12DD66F02E4A}.Ad-Hoc|iPhoneSimulator.Deploy.0 = Release|Any CPU
		{41F1A1C2-5DD5-43B5-97EB-12DD66F02E4A}.AppStore|Any CPU.ActiveCfg = Release|Any CPU
		{41F1A1C2-5DD5-43B5-97EB-12DD66F02E4A}.AppStore|Any CPU.Build.0 = Release|Any CPU
		{41F1A1C2-5DD5-43B5-97EB-12DD66F02E4A}.AppStore|Any CPU.Deploy.0 = Release|Any CPU
		{41F1A1C2-5DD5-43B5-97EB-12DD66F02E4A}.AppStore|iPhone.ActiveCfg = Release|Any CPU
		{41F1A1C2-5DD5-43B5-97EB-12DD66F02E4A}.AppStore|iPhone.Build.0 = Release|Any CPU
		{41F1A1C2-5DD5-43B5-97EB-12DD66F02E4A}.AppStore|iPhone.Deploy.0 = Release|Any CPU
		{41F1A1C2-5DD5-43B5-97EB-12DD66F02E4A}.AppStore|iPhoneSimulator.ActiveCfg = Release|Any CPU
		{41F1A1C2-5DD5-43B5-97EB-12DD66F02E4A}.AppStore|iPhoneSimulator.Build.0 = Release|Any CPU
		{41F1A1C2-5DD5-43B5-97EB-12DD66F02E4A}.AppStore|iPhoneSimulator.Deploy.0 = Release|Any CPU
		{41F1A1C2-5DD5-43B5-97EB-12DD66F02E4A}.Debug|Any CPU.ActiveCfg = Debug|Any CPU
		{41F1A1C2-5DD5-43B5-97EB-12DD66F02E4A}.Debug|Any CPU.Build.0 = Debug|Any CPU
		{41F1A1C2-5DD5-43B5-97EB-12DD66F02E4A}.Debug|Any CPU.Deploy.0 = Debug|Any CPU
		{41F1A1C2-5DD5-43B5-97EB-12DD66F02E4A}.Debug|iPhone.ActiveCfg = Debug|Any CPU
		{41F1A1C2-5DD5-43B5-97EB-12DD66F02E4A}.Debug|iPhone.Build.0 = Debug|Any CPU
		{41F1A1C2-5DD5-43B5-97EB-12DD66F02E4A}.Debug|iPhone.Deploy.0 = Debug|Any CPU
		{41F1A1C2-5DD5-43B5-97EB-12DD66F02E4A}.Debug|iPhoneSimulator.ActiveCfg = Debug|Any CPU
		{41F1A1C2-5DD5-43B5-97EB-12DD66F02E4A}.Debug|iPhoneSimulator.Build.0 = Debug|Any CPU
		{41F1A1C2-5DD5-43B5-97EB-12DD66F02E4A}.Debug|iPhoneSimulator.Deploy.0 = Debug|Any CPU
		{41F1A1C2-5DD5-43B5-97EB-12DD66F02E4A}.Release|Any CPU.ActiveCfg = Release|Any CPU
		{41F1A1C2-5DD5-43B5-97EB-12DD66F02E4A}.Release|Any CPU.Build.0 = Release|Any CPU
		{41F1A1C2-5DD5-43B5-97EB-12DD66F02E4A}.Release|Any CPU.Deploy.0 = Release|Any CPU
		{41F1A1C2-5DD5-43B5-97EB-12DD66F02E4A}.Release|iPhone.ActiveCfg = Release|Any CPU
		{41F1A1C2-5DD5-43B5-97EB-12DD66F02E4A}.Release|iPhone.Build.0 = Release|Any CPU
		{41F1A1C2-5DD5-43B5-97EB-12DD66F02E4A}.Release|iPhone.Deploy.0 = Release|Any CPU
		{41F1A1C2-5DD5-43B5-97EB-12DD66F02E4A}.Release|iPhoneSimulator.ActiveCfg = Release|Any CPU
		{41F1A1C2-5DD5-43B5-97EB-12DD66F02E4A}.Release|iPhoneSimulator.Build.0 = Release|Any CPU
		{41F1A1C2-5DD5-43B5-97EB-12DD66F02E4A}.Release|iPhoneSimulator.Deploy.0 = Release|Any CPU
		{BAEBD9BD-8755-46C4-83A8-A33E2F0B8872}.Ad-Hoc|Any CPU.ActiveCfg = Ad-Hoc|iPhone
		{BAEBD9BD-8755-46C4-83A8-A33E2F0B8872}.Ad-Hoc|iPhone.ActiveCfg = Ad-Hoc|iPhone
		{BAEBD9BD-8755-46C4-83A8-A33E2F0B8872}.Ad-Hoc|iPhone.Build.0 = Ad-Hoc|iPhone
		{BAEBD9BD-8755-46C4-83A8-A33E2F0B8872}.Ad-Hoc|iPhoneSimulator.ActiveCfg = Ad-Hoc|iPhoneSimulator
		{BAEBD9BD-8755-46C4-83A8-A33E2F0B8872}.Ad-Hoc|iPhoneSimulator.Build.0 = Ad-Hoc|iPhoneSimulator
		{BAEBD9BD-8755-46C4-83A8-A33E2F0B8872}.AppStore|Any CPU.ActiveCfg = AppStore|iPhone
		{BAEBD9BD-8755-46C4-83A8-A33E2F0B8872}.AppStore|iPhone.ActiveCfg = AppStore|iPhone
		{BAEBD9BD-8755-46C4-83A8-A33E2F0B8872}.AppStore|iPhone.Build.0 = AppStore|iPhone
		{BAEBD9BD-8755-46C4-83A8-A33E2F0B8872}.AppStore|iPhoneSimulator.ActiveCfg = AppStore|iPhoneSimulator
		{BAEBD9BD-8755-46C4-83A8-A33E2F0B8872}.AppStore|iPhoneSimulator.Build.0 = AppStore|iPhoneSimulator
		{BAEBD9BD-8755-46C4-83A8-A33E2F0B8872}.Debug|Any CPU.ActiveCfg = Debug|iPhone
		{BAEBD9BD-8755-46C4-83A8-A33E2F0B8872}.Debug|iPhone.ActiveCfg = Debug|iPhone
		{BAEBD9BD-8755-46C4-83A8-A33E2F0B8872}.Debug|iPhone.Build.0 = Debug|iPhone
		{BAEBD9BD-8755-46C4-83A8-A33E2F0B8872}.Debug|iPhoneSimulator.ActiveCfg = Debug|iPhoneSimulator
		{BAEBD9BD-8755-46C4-83A8-A33E2F0B8872}.Debug|iPhoneSimulator.Build.0 = Debug|iPhoneSimulator
		{BAEBD9BD-8755-46C4-83A8-A33E2F0B8872}.Release|Any CPU.ActiveCfg = Release|iPhone
		{BAEBD9BD-8755-46C4-83A8-A33E2F0B8872}.Release|iPhone.ActiveCfg = Release|iPhone
		{BAEBD9BD-8755-46C4-83A8-A33E2F0B8872}.Release|iPhone.Build.0 = Release|iPhone
		{BAEBD9BD-8755-46C4-83A8-A33E2F0B8872}.Release|iPhoneSimulator.ActiveCfg = Release|iPhoneSimulator
		{BAEBD9BD-8755-46C4-83A8-A33E2F0B8872}.Release|iPhoneSimulator.Build.0 = Release|iPhoneSimulator
	EndGlobalSection
	GlobalSection(SolutionProperties) = preSolution
		HideSolutionNode = FALSE
	EndGlobalSection
EndGlobal
